
Microsoft Visual Studio Solution File, Format Version 12.00
# Visual Studio Version 16
VisualStudioVersion = 16.0.28407.52
MinimumVisualStudioVersion = 10.0.40219.1
Project("{FAE04EC0-301F-11D3-BF4B-00C04F79EFBC}") = "TestForGL", "TestForGL\TestForGL.csproj", "{9542099C-F1AD-483A-975C-60AD6CB763BB}"
EndProject
Project("{FAE04EC0-301F-11D3-BF4B-00C04F79EFBC}") = "Testing", "Testing\Testing.csproj", "{D0D844A9-BF8C-45E0-AEC3-FCBB72FA2743}"
EndProject
Global
	GlobalSection(SolutionConfigurationPlatforms) = preSolution
		Debug|Any CPU = Debug|Any CPU
		Release|Any CPU = Release|Any CPU
	EndGlobalSection
	GlobalSection(ProjectConfigurationPlatforms) = postSolution
		{9542099C-F1AD-483A-975C-60AD6CB763BB}.Debug|Any CPU.ActiveCfg = Debug|Any CPU
		{9542099C-F1AD-483A-975C-60AD6CB763BB}.Debug|Any CPU.Build.0 = Debug|Any CPU
		{9542099C-F1AD-483A-975C-60AD6CB763BB}.Release|Any CPU.ActiveCfg = Release|Any CPU
		{9542099C-F1AD-483A-975C-60AD6CB763BB}.Release|Any CPU.Build.0 = Release|Any CPU
		{D0D844A9-BF8C-45E0-AEC3-FCBB72FA2743}.Debug|Any CPU.ActiveCfg = Debug|Any CPU
		{D0D844A9-BF8C-45E0-AEC3-FCBB72FA2743}.Debug|Any CPU.Build.0 = Debug|Any CPU
		{D0D844A9-BF8C-45E0-AEC3-FCBB72FA2743}.Release|Any CPU.ActiveCfg = Release|Any CPU
		{D0D844A9-BF8C-45E0-AEC3-FCBB72FA2743}.Release|Any CPU.Build.0 = Release|Any CPU
	EndGlobalSection
	GlobalSection(SolutionProperties) = preSolution
		HideSolutionNode = FALSE
	EndGlobalSection
	GlobalSection(ExtensibilityGlobals) = postSolution
		SolutionGuid = {09D03DAC-B36E-452F-847E-6D703B7CFBAE}
	EndGlobalSection
EndGlobal
